
Microsoft Visual Studio Solution File, Format Version 12.00
# Visual Studio 15
VisualStudioVersion = 15.0.28307.960
MinimumVisualStudioVersion = 10.0.40219.1
Project("{FAE04EC0-301F-11D3-BF4B-00C04F79EFBC}") = "DesktopClient", "DesktopClient\DesktopClient.csproj", "{5184CC90-683D-44FB-9488-30DCBCCB80BF}"
EndProject
Project("{FAE04EC0-301F-11D3-BF4B-00C04F79EFBC}") = "CommandControl_Web", "CommandControl_Web\CommandControl_Web.csproj", "{711028F9-793F-437A-963A-6B281F7EBE2E}"
EndProject
Project("{FAE04EC0-301F-11D3-BF4B-00C04F79EFBC}") = "ClientService", "ClientService\ClientService.csproj", "{A20FD71C-B037-4F8A-B332-9F86F0B4F875}"
EndProject
Project("{2150E333-8FDC-42A3-9474-1A3956D46DE8}") = "Scripts", "Scripts", "{0AAEAA99-CF95-4E05-9A27-E46C7225290B}"
	ProjectSection(SolutionItems) = preProject
		Command_Create.sql = Command_Create.sql
	EndProjectSection
EndProject
Global
	GlobalSection(SolutionConfigurationPlatforms) = preSolution
		Debug|Any CPU = Debug|Any CPU
		Release|Any CPU = Release|Any CPU
	EndGlobalSection
	GlobalSection(ProjectConfigurationPlatforms) = postSolution
		{5184CC90-683D-44FB-9488-30DCBCCB80BF}.Debug|Any CPU.ActiveCfg = Debug|Any CPU
		{5184CC90-683D-44FB-9488-30DCBCCB80BF}.Debug|Any CPU.Build.0 = Debug|Any CPU
		{5184CC90-683D-44FB-9488-30DCBCCB80BF}.Release|Any CPU.ActiveCfg = Release|Any CPU
		{5184CC90-683D-44FB-9488-30DCBCCB80BF}.Release|Any CPU.Build.0 = Release|Any CPU
		{711028F9-793F-437A-963A-6B281F7EBE2E}.Debug|Any CPU.ActiveCfg = Debug|Any CPU
		{711028F9-793F-437A-963A-6B281F7EBE2E}.Debug|Any CPU.Build.0 = Debug|Any CPU
		{711028F9-793F-437A-963A-6B281F7EBE2E}.Release|Any CPU.ActiveCfg = Release|Any CPU
		{711028F9-793F-437A-963A-6B281F7EBE2E}.Release|Any CPU.Build.0 = Release|Any CPU
		{A20FD71C-B037-4F8A-B332-9F86F0B4F875}.Debug|Any CPU.ActiveCfg = Debug|Any CPU
		{A20FD71C-B037-4F8A-B332-9F86F0B4F875}.Debug|Any CPU.Build.0 = Debug|Any CPU
		{A20FD71C-B037-4F8A-B332-9F86F0B4F875}.Release|Any CPU.ActiveCfg = Release|Any CPU
		{A20FD71C-B037-4F8A-B332-9F86F0B4F875}.Release|Any CPU.Build.0 = Release|Any CPU
	EndGlobalSection
	GlobalSection(SolutionProperties) = preSolution
		HideSolutionNode = FALSE
	EndGlobalSection
	GlobalSection(ExtensibilityGlobals) = postSolution
		SolutionGuid = {0B757C1A-A00C-49C8-BF9E-2E395765C099}
	EndGlobalSection
EndGlobal
